
Microsoft Visual Studio Solution File, Format Version 12.00
# Visual Studio Express 2013 for Windows Desktop
VisualStudioVersion = 12.0.30723.0
MinimumVisualStudioVersion = 10.0.40219.1
Project("{FAE04EC0-301F-11D3-BF4B-00C04F79EFBC}") = "AddSmaller", "AddSmaller.csproj", "{76EC11B6-4332-4D1F-8645-89DF3090E523}"
EndProject
Global
	GlobalSection(SolutionConfigurationPlatforms) = preSolution
		Debug|Any CPU = Debug|Any CPU
		Release|Any CPU = Release|Any CPU
	EndGlobalSection
	GlobalSection(ProjectConfigurationPlatforms) = postSolution
		{76EC11B6-4332-4D1F-8645-89DF3090E523}.Debug|Any CPU.ActiveCfg = Debug|Any CPU
		{76EC11B6-4332-4D1F-8645-89DF3090E523}.Debug|Any CPU.Build.0 = Debug|Any CPU
		{76EC11B6-4332-4D1F-8645-89DF3090E523}.Release|Any CPU.ActiveCfg = Release|Any CPU
		{76EC11B6-4332-4D1F-8645-89DF3090E523}.Release|Any CPU.Build.0 = Release|Any CPU
	EndGlobalSection
	GlobalSection(SolutionProperties) = preSolution
		HideSolutionNode = FALSE
	EndGlobalSection
EndGlobal
